
Microsoft Visual Studio Solution File, Format Version 12.00
# Visual Studio 15
VisualStudioVersion = 15.0.28307.1525
MinimumVisualStudioVersion = 10.0.40219.1
Project("{8BC9CEB8-8B4A-11D0-8D11-00A0C91BC942}") = "Raytracer_one", "Raytracer_one\Raytracer_one.vcxproj", "{6921E54A-0DE8-4779-9080-F8F4547655B4}"
EndProject
Global
	GlobalSection(SolutionConfigurationPlatforms) = preSolution
		Debug|x64 = Debug|x64
		Debug|x86 = Debug|x86
		Release|x64 = Release|x64
		Release|x86 = Release|x86
	EndGlobalSection
	GlobalSection(ProjectConfigurationPlatforms) = postSolution
		{6921E54A-0DE8-4779-9080-F8F4547655B4}.Debug|x64.ActiveCfg = Debug|x64
		{6921E54A-0DE8-4779-9080-F8F4547655B4}.Debug|x64.Build.0 = Debug|x64
		{6921E54A-0DE8-4779-9080-F8F4547655B4}.Debug|x86.ActiveCfg = Debug|Win32
		{6921E54A-0DE8-4779-9080-F8F4547655B4}.Debug|x86.Build.0 = Debug|Win32
		{6921E54A-0DE8-4779-9080-F8F4547655B4}.Release|x64.ActiveCfg = Release|x64
		{6921E54A-0DE8-4779-9080-F8F4547655B4}.Release|x64.Build.0 = Release|x64
		{6921E54A-0DE8-4779-9080-F8F4547655B4}.Release|x86.ActiveCfg = Release|Win32
		{6921E54A-0DE8-4779-9080-F8F4547655B4}.Release|x86.Build.0 = Release|Win32
	EndGlobalSection
	GlobalSection(SolutionProperties) = preSolution
		HideSolutionNode = FALSE
	EndGlobalSection
	GlobalSection(ExtensibilityGlobals) = postSolution
		SolutionGuid = {7639EE91-81E9-4A95-8120-310EF199C8D3}
	EndGlobalSection
EndGlobal
